
Microsoft Visual Studio Solution File, Format Version 12.00
# Visual Studio Version 17
VisualStudioVersion = 17.4.33213.308
MinimumVisualStudioVersion = 10.0.40219.1
Project("{FAE04EC0-301F-11D3-BF4B-00C04F79EFBC}") = "EmailScheduler", "EmailScheduler.csproj", "{0E6F34FB-39B8-47B6-9A93-4937A940A81F}"
EndProject
Global
	GlobalSection(SolutionConfigurationPlatforms) = preSolution
		Debug|Any CPU = Debug|Any CPU
		Release|Any CPU = Release|Any CPU
	EndGlobalSection
	GlobalSection(ProjectConfigurationPlatforms) = postSolution
		{0E6F34FB-39B8-47B6-9A93-4937A940A81F}.Debug|Any CPU.ActiveCfg = Debug|Any CPU
		{0E6F34FB-39B8-47B6-9A93-4937A940A81F}.Debug|Any CPU.Build.0 = Debug|Any CPU
		{0E6F34FB-39B8-47B6-9A93-4937A940A81F}.Release|Any CPU.ActiveCfg = Release|Any CPU
		{0E6F34FB-39B8-47B6-9A93-4937A940A81F}.Release|Any CPU.Build.0 = Release|Any CPU
	EndGlobalSection
	GlobalSection(SolutionProperties) = preSolution
		HideSolutionNode = FALSE
	EndGlobalSection
	GlobalSection(ExtensibilityGlobals) = postSolution
		SolutionGuid = {F6BD7560-5691-4F1C-841A-8596FE8DD557}
	EndGlobalSection
EndGlobal
